
Microsoft Visual Studio Solution File, Format Version 12.00
# Visual Studio Version 16
VisualStudioVersion = 16.0.30523.141
MinimumVisualStudioVersion = 10.0.40219.1
Project("{FAE04EC0-301F-11D3-BF4B-00C04F79EFBC}") = "Sasarman_Andra_Lab2", "Sasarman_Andra_Lab2.csproj", "{C3B73842-DBF8-46C7-8C6A-1C92DDE8144C}"
EndProject
Global
	GlobalSection(SolutionConfigurationPlatforms) = preSolution
		Debug|Any CPU = Debug|Any CPU
		Release|Any CPU = Release|Any CPU
	EndGlobalSection
	GlobalSection(ProjectConfigurationPlatforms) = postSolution
		{C3B73842-DBF8-46C7-8C6A-1C92DDE8144C}.Debug|Any CPU.ActiveCfg = Debug|Any CPU
		{C3B73842-DBF8-46C7-8C6A-1C92DDE8144C}.Debug|Any CPU.Build.0 = Debug|Any CPU
		{C3B73842-DBF8-46C7-8C6A-1C92DDE8144C}.Release|Any CPU.ActiveCfg = Release|Any CPU
		{C3B73842-DBF8-46C7-8C6A-1C92DDE8144C}.Release|Any CPU.Build.0 = Release|Any CPU
	EndGlobalSection
	GlobalSection(SolutionProperties) = preSolution
		HideSolutionNode = FALSE
	EndGlobalSection
	GlobalSection(ExtensibilityGlobals) = postSolution
		SolutionGuid = {5B5136ED-EB5A-4FFF-8AF3-431281726F9C}
	EndGlobalSection
EndGlobal
